// !$*UTF8*$!
{
	archiveVersion = 1;
	classes = {
	};
	objectVersion = 50;
	objects = {

/* Begin PBXBuildFile section */
		281A3BC4267F55090019AE75 /* MVVMCombineDemoApp.swift in Sources */ = {isa = PBXBuildFile; fileRef = 281A3BC3267F55090019AE75 /* MVVMCombineDemoApp.swift */; };
		281A3BC6267F55090019AE75 /* SearchUserView.swift in Sources */ = {isa = PBXBuildFile; fileRef = 281A3BC5267F55090019AE75 /* SearchUserView.swift */; };
		281A3BC8267F55090019AE75 /* Assets.xcassets in Resources */ = {isa = PBXBuildFile; fileRef = 281A3BC7267F55090019AE75 /* Assets.xcassets */; };
		281A3BCB267F55090019AE75 /* Preview Assets.xcassets in Resources */ = {isa = PBXBuildFile; fileRef = 281A3BCA267F55090019AE75 /* Preview Assets.xcassets */; };
		281A3BD9267F55F30019AE75 /* SearchUserViewModel.swift in Sources */ = {isa = PBXBuildFile; fileRef = 281A3BD8267F55F30019AE75 /* SearchUserViewModel.swift */; };
		281A3BDC267F56260019AE75 /* SearchUserResponse.swift in Sources */ = {isa = PBXBuildFile; fileRef = 281A3BDB267F56260019AE75 /* SearchUserResponse.swift */; };
		281A3BE1267F56B20019AE75 /* SearchUserRow.swift in Sources */ = {isa = PBXBuildFile; fileRef = 281A3BE0267F56B20019AE75 /* SearchUserRow.swift */; };
		281A3BE6267F570F0019AE75 /* SearchUserBar.swift in Sources */ = {isa = PBXBuildFile; fileRef = 281A3BE5267F570F0019AE75 /* SearchUserBar.swift */; };
/* End PBXBuildFile section */

/* Begin PBXFileReference section */
		281A3BC0267F55090019AE75 /* MVVMCombineDemo.app */ = {isa = PBXFileReference; explicitFileType = wrapper.application; includeInIndex = 0; path = MVVMCombineDemo.app; sourceTree = BUILT_PRODUCTS_DIR; };
		281A3BC3267F55090019AE75 /* MVVMCombineDemoApp.swift */ = {isa = PBXFileReference; lastKnownFileType = sourcecode.swift; path = MVVMCombineDemoApp.swift; sourceTree = "<group>"; };
		281A3BC5267F55090019AE75 /* SearchUserView.swift */ = {isa = PBXFileReference; lastKnownFileType = sourcecode.swift; path = SearchUserView.swift; sourceTree = "<group>"; };
		281A3BC7267F55090019AE75 /* Assets.xcassets */ = {isa = PBXFileReference; lastKnownFileType = folder.assetcatalog; path = Assets.xcassets; sourceTree = "<group>"; };
		281A3BCA267F55090019AE75 /* Preview Assets.xcassets */ = {isa = PBXFileReference; lastKnownFileType = folder.assetcatalog; path = "Preview Assets.xcassets"; sourceTree = "<group>"; };
		281A3BCC267F55090019AE75 /* Info.plist */ = {isa = PBXFileReference; lastKnownFileType = text.plist.xml; path = Info.plist; sourceTree = "<group>"; };
		281A3BD8267F55F30019AE75 /* SearchUserViewModel.swift */ = {isa = PBXFileReference; lastKnownFileType = sourcecode.swift; path = SearchUserViewModel.swift; sourceTree = "<group>"; };
		281A3BDB267F56260019AE75 /* SearchUserResponse.swift */ = {isa = PBXFileReference; lastKnownFileType = sourcecode.swift; path = SearchUserResponse.swift; sourceTree = "<group>"; };
		281A3BE0267F56B20019AE75 /* SearchUserRow.swift */ = {isa = PBXFileReference; lastKnownFileType = sourcecode.swift; path = SearchUserRow.swift; sourceTree = "<group>"; };
		281A3BE5267F570F0019AE75 /* SearchUserBar.swift */ = {isa = PBXFileReference; lastKnownFileType = sourcecode.swift; path = SearchUserBar.swift; sourceTree = "<group>"; };
/* End PBXFileReference section */

/* Begin PBXFrameworksBuildPhase section */
		281A3BBD267F55090019AE75 /* Frameworks */ = {
			isa = PBXFrameworksBuildPhase;
			buildActionMask = 2147483647;
			files = (
			);
			runOnlyForDeploymentPostprocessing = 0;
		};
/* End PBXFrameworksBuildPhase section */

/* Begin PBXGroup section */
		281A3BB7267F55090019AE75 = {
			isa = PBXGroup;
			children = (
				281A3BC2267F55090019AE75 /* MVVMCombineDemo */,
				281A3BC1267F55090019AE75 /* Products */,
			);
			sourceTree = "<group>";
		};
		281A3BC1267F55090019AE75 /* Products */ = {
			isa = PBXGroup;
			children = (
				281A3BC0267F55090019AE75 /* MVVMCombineDemo.app */,
			);
			name = Products;
			sourceTree = "<group>";
		};
		281A3BC2267F55090019AE75 /* MVVMCombineDemo */ = {
			isa = PBXGroup;
			children = (
				281A3BD5267F552F0019AE75 /* Model */,
				281A3BD3267F551D0019AE75 /* View */,
				281A3BD4267F55230019AE75 /* ViewModel */,
				281A3BC3267F55090019AE75 /* MVVMCombineDemoApp.swift */,
				281A3BC7267F55090019AE75 /* Assets.xcassets */,
				281A3BCC267F55090019AE75 /* Info.plist */,
				281A3BC9267F55090019AE75 /* Preview Content */,
			);
			path = MVVMCombineDemo;
			sourceTree = "<group>";
		};
		281A3BC9267F55090019AE75 /* Preview Content */ = {
			isa = PBXGroup;
			children = (
				281A3BCA267F55090019AE75 /* Preview Assets.xcassets */,
			);
			path = "Preview Content";
			sourceTree = "<group>";
		};
		281A3BD3267F551D0019AE75 /* View */ = {
			isa = PBXGroup;
			children = (
				281A3BE4267F56E00019AE75 /* Custom */,
				281A3BDF267F56960019AE75 /* Cell */,
				281A3BC5267F55090019AE75 /* SearchUserView.swift */,
			);
			path = View;
			sourceTree = "<group>";
		};
		281A3BD4267F55230019AE75 /* ViewModel */ = {
			isa = PBXGroup;
			children = (
				281A3BD8267F55F30019AE75 /* SearchUserViewModel.swift */,
			);
			path = ViewModel;
			sourceTree = "<group>";
		};
		281A3BD5267F552F0019AE75 /* Model */ = {
			isa = PBXGroup;
			children = (
				281A3BDB267F56260019AE75 /* SearchUserResponse.swift */,
			);
			path = Model;
			sourceTree = "<group>";
		};
		281A3BDF267F56960019AE75 /* Cell */ = {
			isa = PBXGroup;
			children = (
				281A3BE0267F56B20019AE75 /* SearchUserRow.swift */,
			);
			path = Cell;
			sourceTree = "<group>";
		};
		281A3BE4267F56E00019AE75 /* Custom */ = {
			isa = PBXGroup;
			children = (
				281A3BE5267F570F0019AE75 /* SearchUserBar.swift */,
			);
			path = Custom;
			sourceTree = "<group>";
		};
/* End PBXGroup section */

/* Begin PBXNativeTarget section */
		281A3BBF267F55090019AE75 /* MVVMCombineDemo */ = {
			isa = PBXNativeTarget;
			buildConfigurationList = 281A3BCF267F55090019AE75 /* Build configuration list for PBXNativeTarget "MVVMCombineDemo" */;
			buildPhases = (
				281A3BBC267F55090019AE75 /* Sources */,
				281A3BBD267F55090019AE75 /* Frameworks */,
				281A3BBE267F55090019AE75 /* Resources */,
			);
			buildRules = (
			);
			dependencies = (
			);
			name = MVVMCombineDemo;
			productName = MVVMCombineDemo;
			productReference = 281A3BC0267F55090019AE75 /* MVVMCombineDemo.app */;
			productType = "com.apple.product-type.application";
		};
/* End PBXNativeTarget section */

/* Begin PBXProject section */
		281A3BB8267F55090019AE75 /* Project object */ = {
			isa = PBXProject;
			attributes = {
				LastSwiftUpdateCheck = 1220;
				LastUpgradeCheck = 1220;
				TargetAttributes = {
					281A3BBF267F55090019AE75 = {
						CreatedOnToolsVersion = 12.2;
					};
				};
			};
			buildConfigurationList = 281A3BBB267F55090019AE75 /* Build configuration list for PBXProject "MVVMCombineDemo" */;
			compatibilityVersion = "Xcode 9.3";
			developmentRegion = en;
			hasScannedForEncodings = 0;
			knownRegions = (
				en,
				Base,
			);
			mainGroup = 281A3BB7267F55090019AE75;
			productRefGroup = 281A3BC1267F55090019AE75 /* Products */;
			projectDirPath = "";
			projectRoot = "";
			targets = (
				281A3BBF267F55090019AE75 /* MVVMCombineDemo */,
			);
		};
/* End PBXProject section */

/* Begin PBXResourcesBuildPhase section */
		281A3BBE267F55090019AE75 /* Resources */ = {
			isa = PBXResourcesBuildPhase;
			buildActionMask = 2147483647;
			files = (
				281A3BCB267F55090019AE75 /* Preview Assets.xcassets in Resources */,
				281A3BC8267F55090019AE75 /* Assets.xcassets in Resources */,
			);
			runOnlyForDeploymentPostprocessing = 0;
		};
/* End PBXResourcesBuildPhase section */

/* Begin PBXSourcesBuildPhase section */
		281A3BBC267F55090019AE75 /* Sources */ = {
			isa = PBXSourcesBuildPhase;
			buildActionMask = 2147483647;
			files = (
				281A3BE1267F56B20019AE75 /* SearchUserRow.swift in Sources */,
				281A3BC6267F55090019AE75 /* SearchUserView.swift in Sources */,
				281A3BE6267F570F0019AE75 /* SearchUserBar.swift in Sources */,
				281A3BC4267F55090019AE75 /* MVVMCombineDemoApp.swift in Sources */,
				281A3BD9267F55F30019AE75 /* SearchUserViewModel.swift in Sources */,
				281A3BDC267F56260019AE75 /* SearchUserResponse.swift in Sources */,
			);
			runOnlyForDeploymentPostprocessing = 0;
		};
/* End PBXSourcesBuildPhase section */

/* Begin XCBuildConfiguration section */
		281A3BCD267F55090019AE75 /* Debug */ = {
			isa = XCBuildConfiguration;
			buildSettings = {
				ALWAYS_SEARCH_USER_PATHS = NO;
				CLANG_ANALYZER_NONNULL = YES;
				CLANG_ANALYZER_NUMBER_OBJECT_CONVERSION = YES_AGGRESSIVE;
				CLANG_CXX_LANGUAGE_STANDARD = "gnu++14";
				CLANG_CXX_LIBRARY = "libc++";
				CLANG_ENABLE_MODULES = YES;
				CLANG_ENABLE_OBJC_ARC = YES;
				CLANG_ENABLE_OBJC_WEAK = YES;
				CLANG_WARN_BLOCK_CAPTURE_AUTORELEASING = YES;
				CLANG_WARN_BOOL_CONVERSION = YES;
				CLANG_WARN_COMMA = YES;
				CLANG_WARN_CONSTANT_CONVERSION = YES;
				CLANG_WARN_DEPRECATED_OBJC_IMPLEMENTATIONS = YES;
				CLANG_WARN_DIRECT_OBJC_ISA_USAGE = YES_ERROR;
				CLANG_WARN_DOCUMENTATION_COMMENTS = YES;
				CLANG_WARN_EMPTY_BODY = YES;
				CLANG_WARN_ENUM_CONVERSION = YES;
				CLANG_WARN_INFINITE_RECURSION = YES;
				CLANG_WARN_INT_CONVERSION = YES;
				CLANG_WARN_NON_LITERAL_NULL_CONVERSION = YES;
				CLANG_WARN_OBJC_IMPLICIT_RETAIN_SELF = YES;
				CLANG_WARN_OBJC_LITERAL_CONVERSION = YES;
				CLANG_WARN_OBJC_ROOT_CLASS = YES_ERROR;
				CLANG_WARN_QUOTED_INCLUDE_IN_FRAMEWORK_HEADER = YES;
				CLANG_WARN_RANGE_LOOP_ANALYSIS = YES;
				CLANG_WARN_STRICT_PROTOTYPES = YES;
				CLANG_WARN_SUSPICIOUS_MOVE = YES;
				CLANG_WARN_UNGUARDED_AVAILABILITY = YES_AGGRESSIVE;
				CLANG_WARN_UNREACHABLE_CODE = YES;
				CLANG_WARN__DUPLICATE_METHOD_MATCH = YES;
				COPY_PHASE_STRIP = NO;
				DEBUG_INFORMATION_FORMAT = dwarf;
				ENABLE_STRICT_OBJC_MSGSEND = YES;
				ENABLE_TESTABILITY = YES;
				GCC_C_LANGUAGE_STANDARD = gnu11;
				GCC_DYNAMIC_NO_PIC = NO;
				GCC_NO_COMMON_BLOCKS = YES;
				GCC_OPTIMIZATION_LEVEL = 0;
				GCC_PREPROCESSOR_DEFINITIONS = (
					"DEBUG=1",
					"$(inherited)",
				);
				GCC_WARN_64_TO_32_BIT_CONVERSION = YES;
				GCC_WARN_ABOUT_RETURN_TYPE = YES_ERROR;
				GCC_WARN_UNDECLARED_SELECTOR = YES;
				GCC_WARN_UNINITIALIZED_AUTOS = YES_AGGRESSIVE;
				GCC_WARN_UNUSED_FUNCTION = YES;
				GCC_WARN_UNUSED_VARIABLE = YES;
				IPHONEOS_DEPLOYMENT_TARGET = 14.2;
				MTL_ENABLE_DEBUG_INFO = INCLUDE_SOURCE;
				MTL_FAST_MATH = YES;
				ONLY_ACTIVE_ARCH = YES;
				SDKROOT = iphoneos;
				SWIFT_ACTIVE_COMPILATION_CONDITIONS = DEBUG;
				SWIFT_OPTIMIZATION_LEVEL = "-Onone";
			};
			name = Debug;
		};
		281A3BCE267F55090019AE75 /* Release */ = {
			isa = XCBuildConfiguration;
			buildSettings = {
				ALWAYS_SEARCH_USER_PATHS = NO;
				CLANG_ANALYZER_NONNULL = YES;
				CLANG_ANALYZER_NUMBER_OBJECT_CONVERSION = YES_AGGRESSIVE;
				CLANG_CXX_LANGUAGE_STANDARD = "gnu++14";
				CLANG_CXX_LIBRARY = "libc++";
				CLANG_ENABLE_MODULES = YES;
				CLANG_ENABLE_OBJC_ARC = YES;
				CLANG_ENABLE_OBJC_WEAK = YES;
				CLANG_WARN_BLOCK_CAPTURE_AUTORELEASING = YES;
				CLANG_WARN_BOOL_CONVERSION = YES;
				CLANG_WARN_COMMA = YES;
				CLANG_WARN_CONSTANT_CONVERSION = YES;
				CLANG_WARN_DEPRECATED_OBJC_IMPLEMENTATIONS = YES;
				CLANG_WARN_DIRECT_OBJC_ISA_USAGE = YES_ERROR;
				CLANG_WARN_DOCUMENTATION_COMMENTS = YES;
				CLANG_WARN_EMPTY_BODY = YES;
				CLANG_WARN_ENUM_CONVERSION = YES;
				CLANG_WARN_INFINITE_RECURSION = YES;
				CLANG_WARN_INT_CONVERSION = YES;
				CLANG_WARN_NON_LITERAL_NULL_CONVERSION = YES;
				CLANG_WARN_OBJC_IMPLICIT_RETAIN_SELF = YES;
				CLANG_WARN_OBJC_LITERAL_CONVERSION = YES;
				CLANG_WARN_OBJC_ROOT_CLASS = YES_ERROR;
				CLANG_WARN_QUOTED_INCLUDE_IN_FRAMEWORK_HEADER = YES;
				CLANG_WARN_RANGE_LOOP_ANALYSIS = YES;
				CLANG_WARN_STRICT_PROTOTYPES = YES;
				CLANG_WARN_SUSPICIOUS_MOVE = YES;
				CLANG_WARN_UNGUARDED_AVAILABILITY = YES_AGGRESSIVE;
				CLANG_WARN_UNREACHABLE_CODE = YES;
				CLANG_WARN__DUPLICATE_METHOD_MATCH = YES;
				COPY_PHASE_STRIP = NO;
				DEBUG_INFORMATION_FORMAT = "dwarf-with-dsym";
				ENABLE_NS_ASSERTIONS = NO;
				ENABLE_STRICT_OBJC_MSGSEND = YES;
				GCC_C_LANGUAGE_STANDARD = gnu11;
				GCC_NO_COMMON_BLOCKS = YES;
				GCC_WARN_64_TO_32_BIT_CONVERSION = YES;
				GCC_WARN_ABOUT_RETURN_TYPE = YES_ERROR;
				GCC_WARN_UNDECLARED_SELECTOR = YES;
				GCC_WARN_UNINITIALIZED_AUTOS = YES_AGGRESSIVE;
				GCC_WARN_UNUSED_FUNCTION = YES;
				GCC_WARN_UNUSED_VARIABLE = YES;
				IPHONEOS_DEPLOYMENT_TARGET = 14.2;
				MTL_ENABLE_DEBUG_INFO = NO;
				MTL_FAST_MATH = YES;
				SDKROOT = iphoneos;
				SWIFT_COMPILATION_MODE = wholemodule;
				SWIFT_OPTIMIZATION_LEVEL = "-O";
				VALIDATE_PRODUCT = YES;
			};
			name = Release;
		};
		281A3BD0267F55090019AE75 /* Debug */ = {
			isa = XCBuildConfiguration;
			buildSettings = {
				ASSETCATALOG_COMPILER_APPICON_NAME = AppIcon;
				ASSETCATALOG_COMPILER_GLOBAL_ACCENT_COLOR_NAME = AccentColor;
				CODE_SIGN_STYLE = Automatic;
				DEVELOPMENT_ASSET_PATHS = "\"MVVMCombineDemo/Preview Content\"";
				ENABLE_PREVIEWS = YES;
				INFOPLIST_FILE = MVVMCombineDemo/Info.plist;
				IPHONEOS_DEPLOYMENT_TARGET = 14.0;
				LD_RUNPATH_SEARCH_PATHS = (
					"$(inherited)",
					"@executable_path/Frameworks",
				);
				PRODUCT_BUNDLE_IDENTIFIER = com.neo.MVVMCombineDemo;
				PRODUCT_NAME = "$(TARGET_NAME)";
				SWIFT_VERSION = 5.0;
				TARGETED_DEVICE_FAMILY = "1,2";
			};
			name = Debug;
		};
		281A3BD1267F55090019AE75 /* Release */ = {
			isa = XCBuildConfiguration;
			buildSettings = {
				ASSETCATALOG_COMPILER_APPICON_NAME = AppIcon;
				ASSETCATALOG_COMPILER_GLOBAL_ACCENT_COLOR_NAME = AccentColor;
				CODE_SIGN_STYLE = Automatic;
				DEVELOPMENT_ASSET_PATHS = "\"MVVMCombineDemo/Preview Content\"";
				ENABLE_PREVIEWS = YES;
				INFOPLIST_FILE = MVVMCombineDemo/Info.plist;
				IPHONEOS_DEPLOYMENT_TARGET = 14.0;
				LD_RUNPATH_SEARCH_PATHS = (
					"$(inherited)",
					"@executable_path/Frameworks",
				);
				PRODUCT_BUNDLE_IDENTIFIER = com.neo.MVVMCombineDemo;
				PRODUCT_NAME = "$(TARGET_NAME)";
				SWIFT_VERSION = 5.0;
				TARGETED_DEVICE_FAMILY = "1,2";
			};
			name = Release;
		};
/* End XCBuildConfiguration section */

/* Begin XCConfigurationList section */
		281A3BBB267F55090019AE75 /* Build configuration list for PBXProject "MVVMCombineDemo" */ = {
			isa = XCConfigurationList;
			buildConfigurations = (
				281A3BCD267F55090019AE75 /* Debug */,
				281A3BCE267F55090019AE75 /* Release */,
			);
			defaultConfigurationIsVisible = 0;
			defaultConfigurationName = Release;
		};
		281A3BCF267F55090019AE75 /* Build configuration list for PBXNativeTarget "MVVMCombineDemo" */ = {
			isa = XCConfigurationList;
			buildConfigurations = (
				281A3BD0267F55090019AE75 /* Debug */,
				281A3BD1267F55090019AE75 /* Release */,
			);
			defaultConfigurationIsVisible = 0;
			defaultConfigurationName = Release;
		};
/* End XCConfigurationList section */
	};
	rootObject = 281A3BB8267F55090019AE75 /* Project object */;
}
